Microsoft Visual Studio Solution File, Format Version 12.00
# Visual Studio Version 17
VisualStudioVersion = 17.0.32112.339
MinimumVisualStudioVersion = 10.0.40219.1
Project("{2150E333-8FDC-42A3-9474-1A3956D46DE8}") = "Base", "Base", "{D21FEEC5-73E2-46F3-95DB-26EC3CD58DDC}"
EndProject
Project("{FAE04EC0-301F-11D3-BF4B-00C04F79EFBC}") = "AydoganERP.Base.Domain", "AydoganERP.Base.Domain\AydoganERP.Base.Domain.csproj", "{F33C429E-894F-4D57-96D1-E73688179887}"
EndProject
Project("{FAE04EC0-301F-11D3-BF4B-00C04F79EFBC}") = "AydoganERP.Base.Application", "AydoganERP.Base.Application\AydoganERP.Base.Application.csproj", "{8264F989-E0CE-47BD-B154-5B36F9DA3269}"
EndProject
Project("{FAE04EC0-301F-11D3-BF4B-00C04F79EFBC}") = "AydoganERP.Base.Infrastructure", "AydoganERP.Base.Infrastructure\AydoganERP.Base.Infrastructure.csproj", "{3B738E3C-B35D-44D8-B507-B44B5FEE7371}"
EndProject
Project("{2150E333-8FDC-42A3-9474-1A3956D46DE8}") = "Modules", "Modules", "{B8717EBA-F2EB-44FC-8C09-DE38A99D78A7}"
EndProject
Project("{2150E333-8FDC-42A3-9474-1A3956D46DE8}") = "IdentityModule", "IdentityModule", "{8318A505-58EF-4E03-9B03-D46E01CD3F66}"
EndProject
Project("{2150E333-8FDC-42A3-9474-1A3956D46DE8}") = "CompanyModule", "CompanyModule", "{7A583D48-5149-4610-AE5D-ED2916EDA9C0}"
EndProject
Project("{FAE04EC0-301F-11D3-BF4B-00C04F79EFBC}") = "AydoganERP.Identity.Domain", "AydoganERP.Identity.Domain\AydoganERP.Identity.Domain.csproj", "{BD10B92E-4C72-477D-932D-3F21563FF807}"
EndProject
Project("{FAE04EC0-301F-11D3-BF4B-00C04F79EFBC}") = "AydoganERP.Identity.Application", "AydoganERP.Identity.Application\AydoganERP.Identity.Application.csproj", "{56ED24B1-00D2-40F7-BE29-25A42F0B9C51}"
EndProject
Project("{FAE04EC0-301F-11D3-BF4B-00C04F79EFBC}") = "AydoganERP.Identity.Infrastructure", "AydoganERP.Identity.Infrastructure\AydoganERP.Identity.Infrastructure.csproj", "{C4829F2B-CA73-4BE2-AAAF-5214B31CB630}"
EndProject
Project("{FAE04EC0-301F-11D3-BF4B-00C04F79EFBC}") = "AydoganERP.Company.Domain", "AydoganERP.Company.Domain\AydoganERP.Company.Domain.csproj", "{EC629250-7CE8-4A99-96A2-8BB0C837AA03}"
EndProject
Project("{FAE04EC0-301F-11D3-BF4B-00C04F79EFBC}") = "AydoganERP.Company.Application", "AydoganERP.Company.Application\AydoganERP.Company.Application.csproj", "{44A9D20D-3560-4798-B405-5F866ECDFD99}"
EndProject
Project("{FAE04EC0-301F-11D3-BF4B-00C04F79EFBC}") = "AydoganERP.Company.Infrastructure", "AydoganERP.Company.Infrastructure\AydoganERP.Company.Infrastructure.csproj", "{B628E578-481D-4984-8D0F-43C00F163895}"
EndProject
Project("{FAE04EC0-301F-11D3-BF4B-00C04F79EFBC}") = "AydoganERP.APi", "AydoganERP.APi\AydoganERP.APi.csproj", "{C3B73D04-98D0-4F63-B8E0-5FDC875C1511}"
EndProject
Project("{2150E333-8FDC-42A3-9474-1A3956D46DE8}") = "InventoryModule", "InventoryModule", "{B61018AC-5F7E-47E8-8DD3-0FD5CB319FE2}"
EndProject
Project("{FAE04EC0-301F-11D3-BF4B-00C04F79EFBC}") = "AydoganERP.Inventory.Domain", "AydoganERP.Inventory.Domain\AydoganERP.Inventory.Domain.csproj", "{B2A523B0-3B88-4985-8374-0C0AE0E839A4}"
EndProject
Project("{FAE04EC0-301F-11D3-BF4B-00C04F79EFBC}") = "AydoganERP.Inventory.Application", "AydoganERP.Inventory.Application\AydoganERP.Inventory.Application.csproj", "{4ED18BF1-B148-400A-B182-03C6AF195E5F}"
EndProject
Project("{FAE04EC0-301F-11D3-BF4B-00C04F79EFBC}") = "AydoganERP.Inventory.Infrastructure", "AydoganERP.Inventory.Infrastructure\AydoganERP.Inventory.Infrastructure.csproj", "{F3F37E76-E7F7-4A80-81C3-92E7EA2D8D68}"
EndProject
Project("{2150E333-8FDC-42A3-9474-1A3956D46DE8}") = "CustomerModule", "CustomerModule", "{F82DF02F-F298-45B6-989F-CB1C17342EAC}"
EndProject
Project("{FAE04EC0-301F-11D3-BF4B-00C04F79EFBC}") = "AydoganERP.Customer.Domain", "AydoganERP.Customer.Domain\AydoganERP.Customer.Domain.csproj", "{0F777C7B-3093-4DC3-9DC5-188C07AB9C6E}"
EndProject
Project("{FAE04EC0-301F-11D3-BF4B-00C04F79EFBC}") = "AydoganERP.Customer.Application", "AydoganERP.Customer.Application\AydoganERP.Customer.Application.csproj", "{4DD54B8B-63B0-44DB-8A38-CE7CB40BE266}"
EndProject
Project("{FAE04EC0-301F-11D3-BF4B-00C04F79EFBC}") = "AydoganERP.Customer.Infrastructure", "AydoganERP.Customer.Infrastructure\AydoganERP.Customer.Infrastructure.csproj", "{B7500EAB-CD7D-4D78-90BC-405E4EA79609}"
EndProject
Global
	GlobalSection(SolutionConfigurationPlatforms) = preSolution
		Debug|Any CPU = Debug|Any CPU
		Release|Any CPU = Release|Any CPU
	EndGlobalSection
	GlobalSection(ProjectConfigurationPlatforms) = postSolution
		{F33C429E-894F-4D57-96D1-E73688179887}.Debug|Any CPU.ActiveCfg = Debug|Any CPU
		{F33C429E-894F-4D57-96D1-E73688179887}.Debug|Any CPU.Build.0 = Debug|Any CPU
		{F33C429E-894F-4D57-96D1-E73688179887}.Release|Any CPU.ActiveCfg = Release|Any CPU
		{F33C429E-894F-4D57-96D1-E73688179887}.Release|Any CPU.Build.0 = Release|Any CPU
		{8264F989-E0CE-47BD-B154-5B36F9DA3269}.Debug|Any CPU.ActiveCfg = Debug|Any CPU
		{8264F989-E0CE-47BD-B154-5B36F9DA3269}.Debug|Any CPU.Build.0 = Debug|Any CPU
		{8264F989-E0CE-47BD-B154-5B36F9DA3269}.Release|Any CPU.ActiveCfg = Release|Any CPU
		{8264F989-E0CE-47BD-B154-5B36F9DA3269}.Release|Any CPU.Build.0 = Release|Any CPU
		{3B738E3C-B35D-44D8-B507-B44B5FEE7371}.Debug|Any CPU.ActiveCfg = Debug|Any CPU
		{3B738E3C-B35D-44D8-B507-B44B5FEE7371}.Debug|Any CPU.Build.0 = Debug|Any CPU
		{3B738E3C-B35D-44D8-B507-B44B5FEE7371}.Release|Any CPU.ActiveCfg = Release|Any CPU
		{3B738E3C-B35D-44D8-B507-B44B5FEE7371}.Release|Any CPU.Build.0 = Release|Any CPU
		{BD10B92E-4C72-477D-932D-3F21563FF807}.Debug|Any CPU.ActiveCfg = Debug|Any CPU
		{BD10B92E-4C72-477D-932D-3F21563FF807}.Debug|Any CPU.Build.0 = Debug|Any CPU
		{BD10B92E-4C72-477D-932D-3F21563FF807}.Release|Any CPU.ActiveCfg = Release|Any CPU
		{BD10B92E-4C72-477D-932D-3F21563FF807}.Release|Any CPU.Build.0 = Release|Any CPU
		{56ED24B1-00D2-40F7-BE29-25A42F0B9C51}.Debug|Any CPU.ActiveCfg = Debug|Any CPU
		{56ED24B1-00D2-40F7-BE29-25A42F0B9C51}.Debug|Any CPU.Build.0 = Debug|Any CPU
		{56ED24B1-00D2-40F7-BE29-25A42F0B9C51}.Release|Any CPU.ActiveCfg = Release|Any CPU
		{56ED24B1-00D2-40F7-BE29-25A42F0B9C51}.Release|Any CPU.Build.0 = Release|Any CPU
		{C4829F2B-CA73-4BE2-AAAF-5214B31CB630}.Debug|Any CPU.ActiveCfg = Debug|Any CPU
		{C4829F2B-CA73-4BE2-AAAF-5214B31CB630}.Debug|Any CPU.Build.0 = Debug|Any CPU
		{C4829F2B-CA73-4BE2-AAAF-5214B31CB630}.Release|Any CPU.ActiveCfg = Release|Any CPU
		{C4829F2B-CA73-4BE2-AAAF-5214B31CB630}.Release|Any CPU.Build.0 = Release|Any CPU
		{EC629250-7CE8-4A99-96A2-8BB0C837AA03}.Debug|Any CPU.ActiveCfg = Debug|Any CPU
		{EC629250-7CE8-4A99-96A2-8BB0C837AA03}.Debug|Any CPU.Build.0 = Debug|Any CPU
		{EC629250-7CE8-4A99-96A2-8BB0C837AA03}.Release|Any CPU.ActiveCfg = Release|Any CPU
		{EC629250-7CE8-4A99-96A2-8BB0C837AA03}.Release|Any CPU.Build.0 = Release|Any CPU
		{44A9D20D-3560-4798-B405-5F866ECDFD99}.Debug|Any CPU.ActiveCfg = Debug|Any CPU
		{44A9D20D-3560-4798-B405-5F866ECDFD99}.Debug|Any CPU.Build.0 = Debug|Any CPU
		{44A9D20D-3560-4798-B405-5F866ECDFD99}.Release|Any CPU.ActiveCfg = Release|Any CPU
		{44A9D20D-3560-4798-B405-5F866ECDFD99}.Release|Any CPU.Build.0 = Release|Any CPU
		{B628E578-481D-4984-8D0F-43C00F163895}.Debug|Any CPU.ActiveCfg = Debug|Any CPU
		{B628E578-481D-4984-8D0F-43C00F163895}.Debug|Any CPU.Build.0 = Debug|Any CPU
		{B628E578-481D-4984-8D0F-43C00F163895}.Release|Any CPU.ActiveCfg = Release|Any CPU
		{B628E578-481D-4984-8D0F-43C00F163895}.Release|Any CPU.Build.0 = Release|Any CPU
		{C3B73D04-98D0-4F63-B8E0-5FDC875C1511}.Debug|Any CPU.ActiveCfg = Debug|Any CPU
		{C3B73D04-98D0-4F63-B8E0-5FDC875C1511}.Debug|Any CPU.Build.0 = Debug|Any CPU
		{C3B73D04-98D0-4F63-B8E0-5FDC875C1511}.Release|Any CPU.ActiveCfg = Release|Any CPU
		{C3B73D04-98D0-4F63-B8E0-5FDC875C1511}.Release|Any CPU.Build.0 = Release|Any CPU
		{B2A523B0-3B88-4985-8374-0C0AE0E839A4}.Debug|Any CPU.ActiveCfg = Debug|Any CPU
		{B2A523B0-3B88-4985-8374-0C0AE0E839A4}.Debug|Any CPU.Build.0 = Debug|Any CPU
		{B2A523B0-3B88-4985-8374-0C0AE0E839A4}.Release|Any CPU.ActiveCfg = Release|Any CPU
		{B2A523B0-3B88-4985-8374-0C0AE0E839A4}.Release|Any CPU.Build.0 = Release|Any CPU
		{4ED18BF1-B148-400A-B182-03C6AF195E5F}.Debug|Any CPU.ActiveCfg = Debug|Any CPU
		{4ED18BF1-B148-400A-B182-03C6AF195E5F}.Debug|Any CPU.Build.0 = Debug|Any CPU
		{4ED18BF1-B148-400A-B182-03C6AF195E5F}.Release|Any CPU.ActiveCfg = Release|Any CPU
		{4ED18BF1-B148-400A-B182-03C6AF195E5F}.Release|Any CPU.Build.0 = Release|Any CPU
		{F3F37E76-E7F7-4A80-81C3-92E7EA2D8D68}.Debug|Any CPU.ActiveCfg = Debug|Any CPU
		{F3F37E76-E7F7-4A80-81C3-92E7EA2D8D68}.Debug|Any CPU.Build.0 = Debug|Any CPU
		{F3F37E76-E7F7-4A80-81C3-92E7EA2D8D68}.Release|Any CPU.ActiveCfg = Release|Any CPU
		{F3F37E76-E7F7-4A80-81C3-92E7EA2D8D68}.Release|Any CPU.Build.0 = Release|Any CPU
		{0F777C7B-3093-4DC3-9DC5-188C07AB9C6E}.Debug|Any CPU.ActiveCfg = Debug|Any CPU
		{0F777C7B-3093-4DC3-9DC5-188C07AB9C6E}.Debug|Any CPU.Build.0 = Debug|Any CPU
		{0F777C7B-3093-4DC3-9DC5-188C07AB9C6E}.Release|Any CPU.ActiveCfg = Release|Any CPU
		{0F777C7B-3093-4DC3-9DC5-188C07AB9C6E}.Release|Any CPU.Build.0 = Release|Any CPU
		{4DD54B8B-63B0-44DB-8A38-CE7CB40BE266}.Debug|Any CPU.ActiveCfg = Debug|Any CPU
		{4DD54B8B-63B0-44DB-8A38-CE7CB40BE266}.Debug|Any CPU.Build.0 = Debug|Any CPU
		{4DD54B8B-63B0-44DB-8A38-CE7CB40BE266}.Release|Any CPU.ActiveCfg = Release|Any CPU
		{4DD54B8B-63B0-44DB-8A38-CE7CB40BE266}.Release|Any CPU.Build.0 = Release|Any CPU
		{B7500EAB-CD7D-4D78-90BC-405E4EA79609}.Debug|Any CPU.ActiveCfg = Debug|Any CPU
		{B7500EAB-CD7D-4D78-90BC-405E4EA79609}.Debug|Any CPU.Build.0 = Debug|Any CPU
		{B7500EAB-CD7D-4D78-90BC-405E4EA79609}.Release|Any CPU.ActiveCfg = Release|Any CPU
		{B7500EAB-CD7D-4D78-90BC-405E4EA79609}.Release|Any CPU.Build.0 = Release|Any CPU
	EndGlobalSection
	GlobalSection(SolutionProperties) = preSolution
		HideSolutionNode = FALSE
	EndGlobalSection
	GlobalSection(NestedProjects) = preSolution
		{F33C429E-894F-4D57-96D1-E73688179887} = {D21FEEC5-73E2-46F3-95DB-26EC3CD58DDC}
		{8264F989-E0CE-47BD-B154-5B36F9DA3269} = {D21FEEC5-73E2-46F3-95DB-26EC3CD58DDC}
		{3B738E3C-B35D-44D8-B507-B44B5FEE7371} = {D21FEEC5-73E2-46F3-95DB-26EC3CD58DDC}
		{8318A505-58EF-4E03-9B03-D46E01CD3F66} = {B8717EBA-F2EB-44FC-8C09-DE38A99D78A7}
		{7A583D48-5149-4610-AE5D-ED2916EDA9C0} = {B8717EBA-F2EB-44FC-8C09-DE38A99D78A7}
		{BD10B92E-4C72-477D-932D-3F21563FF807} = {8318A505-58EF-4E03-9B03-D46E01CD3F66}
		{56ED24B1-00D2-40F7-BE29-25A42F0B9C51} = {8318A505-58EF-4E03-9B03-D46E01CD3F66}
		{C4829F2B-CA73-4BE2-AAAF-5214B31CB630} = {8318A505-58EF-4E03-9B03-D46E01CD3F66}
		{EC629250-7CE8-4A99-96A2-8BB0C837AA03} = {7A583D48-5149-4610-AE5D-ED2916EDA9C0}
		{44A9D20D-3560-4798-B405-5F866ECDFD99} = {7A583D48-5149-4610-AE5D-ED2916EDA9C0}
		{B628E578-481D-4984-8D0F-43C00F163895} = {7A583D48-5149-4610-AE5D-ED2916EDA9C0}
		{B61018AC-5F7E-47E8-8DD3-0FD5CB319FE2} = {B8717EBA-F2EB-44FC-8C09-DE38A99D78A7}
		{B2A523B0-3B88-4985-8374-0C0AE0E839A4} = {B61018AC-5F7E-47E8-8DD3-0FD5CB319FE2}
		{4ED18BF1-B148-400A-B182-03C6AF195E5F} = {B61018AC-5F7E-47E8-8DD3-0FD5CB319FE2}
		{F3F37E76-E7F7-4A80-81C3-92E7EA2D8D68} = {B61018AC-5F7E-47E8-8DD3-0FD5CB319FE2}
		{F82DF02F-F298-45B6-989F-CB1C17342EAC} = {B8717EBA-F2EB-44FC-8C09-DE38A99D78A7}
		{0F777C7B-3093-4DC3-9DC5-188C07AB9C6E} = {F82DF02F-F298-45B6-989F-CB1C17342EAC}
		{4DD54B8B-63B0-44DB-8A38-CE7CB40BE266} = {F82DF02F-F298-45B6-989F-CB1C17342EAC}
		{B7500EAB-CD7D-4D78-90BC-405E4EA79609} = {F82DF02F-F298-45B6-989F-CB1C17342EAC}
	EndGlobalSection
	GlobalSection(ExtensibilityGlobals) = postSolution
		SolutionGuid = {9208CFCE-156A-49CD-9E43-32CE67AAB957}
	EndGlobalSection
EndGlobal
