Microsoft Visual Studio Solution File, Format Version 12.00
# Visual Studio Version 17
VisualStudioVersion = 17.0.32112.339
MinimumVisualStudioVersion = 10.0.40219.1
Project("{2150E333-8FDC-42A3-9474-1A3956D46DE8}") = "Modules", "Modules", "{62D17ECC-50D6-4C5A-A46C-9813D17633D5}"
EndProject
Project("{2150E333-8FDC-42A3-9474-1A3956D46DE8}") = "Customer_Relationship_Management", "Customer_Relationship_Management", "{3A6DFB35-DFA4-4DB1-81B8-AB8F61E2EDE1}"
EndProject
Project("{2150E333-8FDC-42A3-9474-1A3956D46DE8}") = "Finance_and_Accounting", "Finance_and_Accounting", "{BCE085F7-08A1-42FD-9A14-BF4DEFF22574}"
EndProject
Project("{2150E333-8FDC-42A3-9474-1A3956D46DE8}") = "Human_Resources", "Human_Resources", "{D023B252-0EA0-41B9-ACD0-B912E80DA9E5}"
EndProject
Project("{2150E333-8FDC-42A3-9474-1A3956D46DE8}") = "Manufacturing", "Manufacturing", "{31D25705-6635-428C-ACBE-E2B714AB1C41}"
EndProject
Project("{2150E333-8FDC-42A3-9474-1A3956D46DE8}") = "Sales_and_Distribution", "Sales_and_Distribution", "{7FF55788-4A86-441B-A737-A4C4FEA72BB3}"
EndProject
Project("{2150E333-8FDC-42A3-9474-1A3956D46DE8}") = "Supply_Chain_Management", "Supply_Chain_Management", "{38E97739-5A0A-4C65-AC77-F849BC98D023}"
EndProject
Project("{2150E333-8FDC-42A3-9474-1A3956D46DE8}") = "Inventory_Management", "Inventory_Management", "{95CB32D8-390A-40E4-8CE1-EE494285AA6E}"
EndProject
Project("{2150E333-8FDC-42A3-9474-1A3956D46DE8}") = "Project_Management", "Project_Management", "{64ED4CAE-D550-47AC-A781-7307169CBC3D}"
EndProject
Project("{2150E333-8FDC-42A3-9474-1A3956D46DE8}") = "Reporting_and_Analytics", "Reporting_and_Analytics", "{8DB63C83-9CB7-4EA9-A304-F751DC523C59}"
EndProject
Project("{2150E333-8FDC-42A3-9474-1A3956D46DE8}") = "Quality_Management", "Quality_Management", "{3759AAE8-CF4E-4F9F-A93D-8C6F686B6C8F}"
EndProject
Project("{2150E333-8FDC-42A3-9474-1A3956D46DE8}") = "Product_Lifecycle_Management", "Product_Lifecycle_Management", "{2FCE8B4E-5DF7-414B-9F8D-C3B842E2544F}"
EndProject
Project("{9A19103F-16F7-4668-BE54-9A1E7A4F7556}") = "AydoganERP.Base.Domain", "AydoganERP.Base.Domain\AydoganERP.Base.Domain.csproj", "{0A323074-190F-4E96-ABB3-BFA0B756C79F}"
EndProject
Project("{9A19103F-16F7-4668-BE54-9A1E7A4F7556}") = "AydoganERP.Base.Application", "AydoganERP.Base.Application\AydoganERP.Base.Application.csproj", "{3ADA7CD3-8FFF-4472-BA15-4B91197DEBFD}"
EndProject
Project("{9A19103F-16F7-4668-BE54-9A1E7A4F7556}") = "AydoganERP.Base.Api", "AydoganERP.Base.Api\AydoganERP.Base.Api.csproj", "{46679761-0006-4D04-A86A-29CEDA252BF2}"
EndProject
Project("{2150E333-8FDC-42A3-9474-1A3956D46DE8}") = "Aspire", "Aspire", "{977DAAFC-3333-418B-8929-CBC773BCEB1D}"
EndProject
Project("{9A19103F-16F7-4668-BE54-9A1E7A4F7556}") = "AydoganERP.Aspire.AppHost", "AydoganERP.Aspire\AydoganERP.Aspire.AppHost\AydoganERP.Aspire.AppHost.csproj", "{57C8C219-F42D-4B58-BB8D-DA026395E232}"
EndProject
Project("{9A19103F-16F7-4668-BE54-9A1E7A4F7556}") = "AydoganERP.Aspire.ServiceDefaults", "AydoganERP.Aspire\AydoganERP.Aspire.ServiceDefaults\AydoganERP.Aspire.ServiceDefaults.csproj", "{27D276AF-C6E9-483B-8D1F-5FD5BDA7D1BA}"
EndProject
Project("{9A19103F-16F7-4668-BE54-9A1E7A4F7556}") = "AydoganERP.Gateway", "AydoganERP.Gateway\AydoganERP.Gateway.csproj", "{FF519A37-DB27-4DE8-AC96-3BD257F9AFBB}"
EndProject
Project("{2150E333-8FDC-42A3-9474-1A3956D46DE8}") = "User_Management", "User_Management", "{AD088285-BAB1-4056-8018-6773A3B77121}"
EndProject
Project("{9A19103F-16F7-4668-BE54-9A1E7A4F7556}") = "AydoganERP.User.Domain", "AydoganERP.User.Domain\AydoganERP.User.Domain.csproj", "{D258CC65-0E55-4C79-9ADA-7C974696913E}"
EndProject
Project("{9A19103F-16F7-4668-BE54-9A1E7A4F7556}") = "AydoganERP.User.Application", "AydoganERP.User.Application\AydoganERP.User.Application.csproj", "{1C4F70FF-CFA8-4DB4-9E07-7918F603EE0A}"
EndProject
Project("{9A19103F-16F7-4668-BE54-9A1E7A4F7556}") = "AydoganERP.User.Infrastructure", "AydoganERP.User.Infrastructure\AydoganERP.User.Infrastructure.csproj", "{9193CD19-CC1F-475A-981C-F6A278294D39}"
EndProject
Project("{9A19103F-16F7-4668-BE54-9A1E7A4F7556}") = "AydoganERP.User.Api", "AydoganERP.User.Api\AydoganERP.User.Api.csproj", "{C53D5103-4C05-42FD-9648-5BABE804AC83}"
EndProject
Project("{9A19103F-16F7-4668-BE54-9A1E7A4F7556}") = "AydoganERP.Customer.Domain", "AydoganERP.Customer.Domain\AydoganERP.Customer.Domain.csproj", "{4D2C5273-71CD-4AAE-9248-0CB4565AD65F}"
EndProject
Project("{9A19103F-16F7-4668-BE54-9A1E7A4F7556}") = "AydoganERP.Customer.Application", "AydoganERP.Customer.Application\AydoganERP.Customer.Application.csproj", "{4C745F43-3C7F-4D65-A36B-E39473704C16}"
EndProject
Project("{9A19103F-16F7-4668-BE54-9A1E7A4F7556}") = "AydoganERP.Customer.Infrastructure", "AydoganERP.Customer.Infrastructure\AydoganERP.Customer.Infrastructure.csproj", "{FE6BF581-52A8-4C4B-9E51-2075A6E4C926}"
EndProject
Project("{9A19103F-16F7-4668-BE54-9A1E7A4F7556}") = "AydoganERP.Customer.Api", "AydoganERP.Customer.Api\AydoganERP.Customer.Api.csproj", "{3F140A18-8598-42DF-9304-B399F13C34AC}"
EndProject
Project("{2150E333-8FDC-42A3-9474-1A3956D46DE8}") = "Shared", "Shared", "{61DD0D9A-1142-4CE5-B023-66236F03719F}"
EndProject
Global
	GlobalSection(SolutionConfigurationPlatforms) = preSolution
		Debug|Any CPU = Debug|Any CPU
		Release|Any CPU = Release|Any CPU
	EndGlobalSection
	GlobalSection(ProjectConfigurationPlatforms) = postSolution
		{0A323074-190F-4E96-ABB3-BFA0B756C79F}.Debug|Any CPU.ActiveCfg = Debug|Any CPU
		{0A323074-190F-4E96-ABB3-BFA0B756C79F}.Debug|Any CPU.Build.0 = Debug|Any CPU
		{0A323074-190F-4E96-ABB3-BFA0B756C79F}.Release|Any CPU.ActiveCfg = Release|Any CPU
		{0A323074-190F-4E96-ABB3-BFA0B756C79F}.Release|Any CPU.Build.0 = Release|Any CPU
		{3ADA7CD3-8FFF-4472-BA15-4B91197DEBFD}.Debug|Any CPU.ActiveCfg = Debug|Any CPU
		{3ADA7CD3-8FFF-4472-BA15-4B91197DEBFD}.Debug|Any CPU.Build.0 = Debug|Any CPU
		{3ADA7CD3-8FFF-4472-BA15-4B91197DEBFD}.Release|Any CPU.ActiveCfg = Release|Any CPU
		{3ADA7CD3-8FFF-4472-BA15-4B91197DEBFD}.Release|Any CPU.Build.0 = Release|Any CPU
		{46679761-0006-4D04-A86A-29CEDA252BF2}.Debug|Any CPU.ActiveCfg = Debug|Any CPU
		{46679761-0006-4D04-A86A-29CEDA252BF2}.Debug|Any CPU.Build.0 = Debug|Any CPU
		{46679761-0006-4D04-A86A-29CEDA252BF2}.Release|Any CPU.ActiveCfg = Release|Any CPU
		{46679761-0006-4D04-A86A-29CEDA252BF2}.Release|Any CPU.Build.0 = Release|Any CPU
		{57C8C219-F42D-4B58-BB8D-DA026395E232}.Debug|Any CPU.ActiveCfg = Debug|Any CPU
		{57C8C219-F42D-4B58-BB8D-DA026395E232}.Debug|Any CPU.Build.0 = Debug|Any CPU
		{57C8C219-F42D-4B58-BB8D-DA026395E232}.Release|Any CPU.ActiveCfg = Release|Any CPU
		{57C8C219-F42D-4B58-BB8D-DA026395E232}.Release|Any CPU.Build.0 = Release|Any CPU
		{27D276AF-C6E9-483B-8D1F-5FD5BDA7D1BA}.Debug|Any CPU.ActiveCfg = Debug|Any CPU
		{27D276AF-C6E9-483B-8D1F-5FD5BDA7D1BA}.Debug|Any CPU.Build.0 = Debug|Any CPU
		{27D276AF-C6E9-483B-8D1F-5FD5BDA7D1BA}.Release|Any CPU.ActiveCfg = Release|Any CPU
		{27D276AF-C6E9-483B-8D1F-5FD5BDA7D1BA}.Release|Any CPU.Build.0 = Release|Any CPU
		{FF519A37-DB27-4DE8-AC96-3BD257F9AFBB}.Debug|Any CPU.ActiveCfg = Debug|Any CPU
		{FF519A37-DB27-4DE8-AC96-3BD257F9AFBB}.Debug|Any CPU.Build.0 = Debug|Any CPU
		{FF519A37-DB27-4DE8-AC96-3BD257F9AFBB}.Release|Any CPU.ActiveCfg = Release|Any CPU
		{FF519A37-DB27-4DE8-AC96-3BD257F9AFBB}.Release|Any CPU.Build.0 = Release|Any CPU
		{D258CC65-0E55-4C79-9ADA-7C974696913E}.Debug|Any CPU.ActiveCfg = Debug|Any CPU
		{D258CC65-0E55-4C79-9ADA-7C974696913E}.Debug|Any CPU.Build.0 = Debug|Any CPU
		{D258CC65-0E55-4C79-9ADA-7C974696913E}.Release|Any CPU.ActiveCfg = Release|Any CPU
		{D258CC65-0E55-4C79-9ADA-7C974696913E}.Release|Any CPU.Build.0 = Release|Any CPU
		{1C4F70FF-CFA8-4DB4-9E07-7918F603EE0A}.Debug|Any CPU.ActiveCfg = Debug|Any CPU
		{1C4F70FF-CFA8-4DB4-9E07-7918F603EE0A}.Debug|Any CPU.Build.0 = Debug|Any CPU
		{1C4F70FF-CFA8-4DB4-9E07-7918F603EE0A}.Release|Any CPU.ActiveCfg = Release|Any CPU
		{1C4F70FF-CFA8-4DB4-9E07-7918F603EE0A}.Release|Any CPU.Build.0 = Release|Any CPU
		{9193CD19-CC1F-475A-981C-F6A278294D39}.Debug|Any CPU.ActiveCfg = Debug|Any CPU
		{9193CD19-CC1F-475A-981C-F6A278294D39}.Debug|Any CPU.Build.0 = Debug|Any CPU
		{9193CD19-CC1F-475A-981C-F6A278294D39}.Release|Any CPU.ActiveCfg = Release|Any CPU
		{9193CD19-CC1F-475A-981C-F6A278294D39}.Release|Any CPU.Build.0 = Release|Any CPU
		{C53D5103-4C05-42FD-9648-5BABE804AC83}.Debug|Any CPU.ActiveCfg = Debug|Any CPU
		{C53D5103-4C05-42FD-9648-5BABE804AC83}.Debug|Any CPU.Build.0 = Debug|Any CPU
		{C53D5103-4C05-42FD-9648-5BABE804AC83}.Release|Any CPU.ActiveCfg = Release|Any CPU
		{C53D5103-4C05-42FD-9648-5BABE804AC83}.Release|Any CPU.Build.0 = Release|Any CPU
		{4D2C5273-71CD-4AAE-9248-0CB4565AD65F}.Debug|Any CPU.ActiveCfg = Debug|Any CPU
		{4D2C5273-71CD-4AAE-9248-0CB4565AD65F}.Debug|Any CPU.Build.0 = Debug|Any CPU
		{4D2C5273-71CD-4AAE-9248-0CB4565AD65F}.Release|Any CPU.ActiveCfg = Release|Any CPU
		{4D2C5273-71CD-4AAE-9248-0CB4565AD65F}.Release|Any CPU.Build.0 = Release|Any CPU
		{4C745F43-3C7F-4D65-A36B-E39473704C16}.Debug|Any CPU.ActiveCfg = Debug|Any CPU
		{4C745F43-3C7F-4D65-A36B-E39473704C16}.Debug|Any CPU.Build.0 = Debug|Any CPU
		{4C745F43-3C7F-4D65-A36B-E39473704C16}.Release|Any CPU.ActiveCfg = Release|Any CPU
		{4C745F43-3C7F-4D65-A36B-E39473704C16}.Release|Any CPU.Build.0 = Release|Any CPU
		{FE6BF581-52A8-4C4B-9E51-2075A6E4C926}.Debug|Any CPU.ActiveCfg = Debug|Any CPU
		{FE6BF581-52A8-4C4B-9E51-2075A6E4C926}.Debug|Any CPU.Build.0 = Debug|Any CPU
		{FE6BF581-52A8-4C4B-9E51-2075A6E4C926}.Release|Any CPU.ActiveCfg = Release|Any CPU
		{FE6BF581-52A8-4C4B-9E51-2075A6E4C926}.Release|Any CPU.Build.0 = Release|Any CPU
		{3F140A18-8598-42DF-9304-B399F13C34AC}.Debug|Any CPU.ActiveCfg = Debug|Any CPU
		{3F140A18-8598-42DF-9304-B399F13C34AC}.Debug|Any CPU.Build.0 = Debug|Any CPU
		{3F140A18-8598-42DF-9304-B399F13C34AC}.Release|Any CPU.ActiveCfg = Release|Any CPU
		{3F140A18-8598-42DF-9304-B399F13C34AC}.Release|Any CPU.Build.0 = Release|Any CPU
	EndGlobalSection
	GlobalSection(SolutionProperties) = preSolution
		HideSolutionNode = FALSE
	EndGlobalSection
	GlobalSection(NestedProjects) = preSolution
		{3A6DFB35-DFA4-4DB1-81B8-AB8F61E2EDE1} = {62D17ECC-50D6-4C5A-A46C-9813D17633D5}
		{BCE085F7-08A1-42FD-9A14-BF4DEFF22574} = {62D17ECC-50D6-4C5A-A46C-9813D17633D5}
		{D023B252-0EA0-41B9-ACD0-B912E80DA9E5} = {62D17ECC-50D6-4C5A-A46C-9813D17633D5}
		{31D25705-6635-428C-ACBE-E2B714AB1C41} = {62D17ECC-50D6-4C5A-A46C-9813D17633D5}
		{7FF55788-4A86-441B-A737-A4C4FEA72BB3} = {62D17ECC-50D6-4C5A-A46C-9813D17633D5}
		{38E97739-5A0A-4C65-AC77-F849BC98D023} = {62D17ECC-50D6-4C5A-A46C-9813D17633D5}
		{95CB32D8-390A-40E4-8CE1-EE494285AA6E} = {62D17ECC-50D6-4C5A-A46C-9813D17633D5}
		{64ED4CAE-D550-47AC-A781-7307169CBC3D} = {62D17ECC-50D6-4C5A-A46C-9813D17633D5}
		{8DB63C83-9CB7-4EA9-A304-F751DC523C59} = {62D17ECC-50D6-4C5A-A46C-9813D17633D5}
		{3759AAE8-CF4E-4F9F-A93D-8C6F686B6C8F} = {62D17ECC-50D6-4C5A-A46C-9813D17633D5}
		{2FCE8B4E-5DF7-414B-9F8D-C3B842E2544F} = {62D17ECC-50D6-4C5A-A46C-9813D17633D5}
		{57C8C219-F42D-4B58-BB8D-DA026395E232} = {977DAAFC-3333-418B-8929-CBC773BCEB1D}
		{27D276AF-C6E9-483B-8D1F-5FD5BDA7D1BA} = {977DAAFC-3333-418B-8929-CBC773BCEB1D}
		{AD088285-BAB1-4056-8018-6773A3B77121} = {62D17ECC-50D6-4C5A-A46C-9813D17633D5}
		{D258CC65-0E55-4C79-9ADA-7C974696913E} = {AD088285-BAB1-4056-8018-6773A3B77121}
		{1C4F70FF-CFA8-4DB4-9E07-7918F603EE0A} = {AD088285-BAB1-4056-8018-6773A3B77121}
		{9193CD19-CC1F-475A-981C-F6A278294D39} = {AD088285-BAB1-4056-8018-6773A3B77121}
		{C53D5103-4C05-42FD-9648-5BABE804AC83} = {AD088285-BAB1-4056-8018-6773A3B77121}
		{4D2C5273-71CD-4AAE-9248-0CB4565AD65F} = {3A6DFB35-DFA4-4DB1-81B8-AB8F61E2EDE1}
		{4C745F43-3C7F-4D65-A36B-E39473704C16} = {3A6DFB35-DFA4-4DB1-81B8-AB8F61E2EDE1}
		{FE6BF581-52A8-4C4B-9E51-2075A6E4C926} = {3A6DFB35-DFA4-4DB1-81B8-AB8F61E2EDE1}
		{3F140A18-8598-42DF-9304-B399F13C34AC} = {3A6DFB35-DFA4-4DB1-81B8-AB8F61E2EDE1}
		{61DD0D9A-1142-4CE5-B023-66236F03719F} = {62D17ECC-50D6-4C5A-A46C-9813D17633D5}
	EndGlobalSection
	GlobalSection(ExtensibilityGlobals) = postSolution
		SolutionGuid = {9208CFCE-156A-49CD-9E43-32CE67AAB957}
	EndGlobalSection
EndGlobal
